
Microsoft Visual Studio Solution File, Format Version 12.00
# Visual Studio 15
VisualStudioVersion = 15.0.27703.2026
MinimumVisualStudioVersion = 10.0.40219.1
Project("{FAE04EC0-301F-11D3-BF4B-00C04F79EFBC}") = "图书销售管理系统", "图书销售管理系统\图书销售管理系统.csproj", "{6C31D238-63A0-4145-86A9-6DA61A6914A2}"
EndProject
Project("{54435603-DBB4-11D2-8724-00A0C9A8B90C}") = "销售系统v1.0", "销售系统v1.0\销售系统v1.0.vdproj", "{36B961AA-F88A-404E-A739-C41BD4C4DACF}"
EndProject
Global
	GlobalSection(SolutionConfigurationPlatforms) = preSolution
		Debug|Any CPU = Debug|Any CPU
		Release|Any CPU = Release|Any CPU
	EndGlobalSection
	GlobalSection(ProjectConfigurationPlatforms) = postSolution
		{6C31D238-63A0-4145-86A9-6DA61A6914A2}.Debug|Any CPU.ActiveCfg = Debug|Any CPU
		{6C31D238-63A0-4145-86A9-6DA61A6914A2}.Debug|Any CPU.Build.0 = Debug|Any CPU
		{6C31D238-63A0-4145-86A9-6DA61A6914A2}.Release|Any CPU.ActiveCfg = Release|Any CPU
		{6C31D238-63A0-4145-86A9-6DA61A6914A2}.Release|Any CPU.Build.0 = Release|Any CPU
		{36B961AA-F88A-404E-A739-C41BD4C4DACF}.Debug|Any CPU.ActiveCfg = Debug
		{36B961AA-F88A-404E-A739-C41BD4C4DACF}.Release|Any CPU.ActiveCfg = Release
	EndGlobalSection
	GlobalSection(SolutionProperties) = preSolution
		HideSolutionNode = FALSE
	EndGlobalSection
	GlobalSection(ExtensibilityGlobals) = postSolution
		SolutionGuid = {9C5C7B70-F38C-4515-8316-A29C566783E9}
	EndGlobalSection
	GlobalSection(SolutionConfigurationPlatforms) = preSolution
		Debug|Any CPU = Debug|Any CPU
		Release|Any CPU = Release|Any CPU
	EndGlobalSection
EndGlobal
